lockfileVersion: '9.0'

settings:
  autoInstallPeers: true
  excludeLinksFromLockfile: false

importers:

  .:
    dependencies:
      route-recognizer:
        specifier: ^0.3.4
        version: 0.3.4
    devDependencies:
      typescript:
        specifier: ^5.7.3
        version: 5.7.3

packages:

  route-recognizer@0.3.4:
    resolution: {integrity: sha512-2+MhsfPhvauN1O8KaXpXAOfR/fwe8dnUXVM+xw7yt40lJRfPVQxV6yryZm0cgRvAj5fMF/mdRZbL2ptwbs5i2g==}

  typescript@5.7.3:
    resolution: {integrity: sha512-84MVSjMEHP+FQRPy3pX9sTVV/INIex71s9TL2Gm5FG/WG1SqXeKyZ0k7/blY/4FdOzI12CBy1vGc4og/eus0fw==}
    engines: {node: '>=14.17'}
    hasBin: true

snapshots:

  route-recognizer@0.3.4: {}

  typescript@5.7.3: {}
